
Microsoft Visual Studio Solution File, Format Version 12.00
# Visual Studio Version 16
VisualStudioVersion = 16.0.29920.165
MinimumVisualStudioVersion = 10.0.40219.1
Project("{2150E333-8FDC-42A3-9474-1A3956D46DE8}") = "Solution Items", "Solution Items", "{A275E4CF-6AF3-439A-B72B-A2EDAE49A5C6}"
	ProjectSection(SolutionItems) = preProject
		global.json = global.json
	EndProjectSection
EndProject
Project("{2150E333-8FDC-42A3-9474-1A3956D46DE8}") = "tests", "tests", "{1018BF4C-BD8F-49D7-9797-758E68B9FC9D}"
EndProject
Project("{2150E333-8FDC-42A3-9474-1A3956D46DE8}") = "src", "src", "{713ACDCF-301D-4C96-8B75-5BF2A35A326D}"
EndProject
Project("{9A19103F-16F7-4668-BE54-9A1E7A4F7556}") = "Microsoft.DotNet.XHarness.CLI", "src\Microsoft.DotNet.XHarness.CLI\Microsoft.DotNet.XHarness.CLI.csproj", "{FDA1448B-B92F-4AD8-A741-ABAEDF935AF7}"
EndProject
Project("{9A19103F-16F7-4668-BE54-9A1E7A4F7556}") = "Microsoft.DotNet.XHarness.Android", "src\Microsoft.DotNet.XHarness.Android\Microsoft.DotNet.XHarness.Android.csproj", "{C5C7BF1E-3CD6-4E5B-8EBB-CE0C103C9640}"
EndProject
Project("{9A19103F-16F7-4668-BE54-9A1E7A4F7556}") = "Microsoft.DotNet.XHarness.iOS.Shared", "src\Microsoft.DotNet.XHarness.iOS.Shared\Microsoft.DotNet.XHarness.iOS.Shared.csproj", "{A91316D8-4D48-4959-932F-5A0C3E1F7779}"
EndProject
Project("{9A19103F-16F7-4668-BE54-9A1E7A4F7556}") = "Microsoft.DotNet.XHarness.iOS", "src\Microsoft.DotNet.XHarness.iOS\Microsoft.DotNet.XHarness.iOS.csproj", "{A6DFDFD0-6E4F-41A8-A7AB-F4E43A4353B4}"
EndProject
Project("{9A19103F-16F7-4668-BE54-9A1E7A4F7556}") = "Microsoft.DotNet.XHarness.iOS.Tests", "tests\Microsoft.DotNet.XHarness.iOS.Tests\Microsoft.DotNet.XHarness.iOS.Tests.csproj", "{10A26931-A5C8-4256-B8AC-0984CAAAB93D}"
EndProject
Project("{9A19103F-16F7-4668-BE54-9A1E7A4F7556}") = "Microsoft.DotNet.XHarness.iOS.Shared.Tests", "tests\Microsoft.DotNet.XHarness.iOS.Shared.Tests\Microsoft.DotNet.XHarness.iOS.Shared.Tests.csproj", "{3406110E-65B2-4786-B723-C05B0FF66131}"
EndProject
Project("{9A19103F-16F7-4668-BE54-9A1E7A4F7556}") = "Microsoft.DotNet.XHarness.TestRunners.Tests", "tests\Microsoft.DotNet.XHarness.TestRunners.Tests\Microsoft.DotNet.XHarness.TestRunners.Tests.csproj", "{05AB368F-2B27-426A-B5E9-01F52E297269}"
EndProject
Project("{2150E333-8FDC-42A3-9474-1A3956D46DE8}") = "tools", "tools", "{D7D3EC29-8CF4-4DA5-BF41-FE5A51593753}"
EndProject
Project("{9A19103F-16F7-4668-BE54-9A1E7A4F7556}") = "Microsoft.DotNet.XHarness.SimulatorInstaller", "tools\Microsoft.DotNet.XHarness.SimulatorInstaller\Microsoft.DotNet.XHarness.SimulatorInstaller.csproj", "{2C1B5C97-7E17-45D4-8337-B4CBD6125CD7}"
EndProject
Project("{FAE04EC0-301F-11D3-BF4B-00C04F79EFBC}") = "Microsoft.DotNet.XHarness.Common", "src\Microsoft.DotNet.XHarness.Common\Microsoft.DotNet.XHarness.Common.csproj", "{E6E90648-E24D-4681-B082-776DF3F4B8F6}"
EndProject
Project("{FAE04EC0-301F-11D3-BF4B-00C04F79EFBC}") = "Microsoft.DotNet.XHarness.Common.Tests", "tests\Microsoft.DotNet.XHarness.Common.Tests\Microsoft.DotNet.XHarness.Common.Tests.csproj", "{EB718364-434C-43F7-AE12-74F272B86C45}"
EndProject
Project("{FAE04EC0-301F-11D3-BF4B-00C04F79EFBC}") = "Microsoft.DotNet.XHarness.TestRunners.Xunit", "src\Microsoft.DotNet.XHarness.TestRunners.Xunit\Microsoft.DotNet.XHarness.TestRunners.Xunit.csproj", "{0F780F3E-8D05-428E-9C78-FEDDDA7DD3D1}"
EndProject
Project("{FAE04EC0-301F-11D3-BF4B-00C04F79EFBC}") = "Microsoft.DotNet.XHarness.TestRunners.Common", "src\Microsoft.DotNet.XHarness.TestRunners.Common\Microsoft.DotNet.XHarness.TestRunners.Common.csproj", "{37D41633-1E59-43EE-AFF9-8DA9AB25BD1D}"
EndProject
Project("{FAE04EC0-301F-11D3-BF4B-00C04F79EFBC}") = "Microsoft.DotNet.XHarness.TestRunners.NUnit", "src\Microsoft.DotNet.XHarness.TestRunners.NUnit\Microsoft.DotNet.XHarness.TestRunners.NUnit.csproj", "{D51E7536-E698-42F4-939A-F259D543D1E1}"
EndProject
Global
	GlobalSection(SolutionConfigurationPlatforms) = preSolution
		Debug|Any CPU = Debug|Any CPU
		Release|Any CPU = Release|Any CPU
	EndGlobalSection
	GlobalSection(ProjectConfigurationPlatforms) = postSolution
		{FDA1448B-B92F-4AD8-A741-ABAEDF935AF7}.Debug|Any CPU.ActiveCfg = Debug|Any CPU
		{FDA1448B-B92F-4AD8-A741-ABAEDF935AF7}.Debug|Any CPU.Build.0 = Debug|Any CPU
		{FDA1448B-B92F-4AD8-A741-ABAEDF935AF7}.Release|Any CPU.ActiveCfg = Release|Any CPU
		{FDA1448B-B92F-4AD8-A741-ABAEDF935AF7}.Release|Any CPU.Build.0 = Release|Any CPU
		{C5C7BF1E-3CD6-4E5B-8EBB-CE0C103C9640}.Debug|Any CPU.ActiveCfg = Debug|Any CPU
		{C5C7BF1E-3CD6-4E5B-8EBB-CE0C103C9640}.Debug|Any CPU.Build.0 = Debug|Any CPU
		{C5C7BF1E-3CD6-4E5B-8EBB-CE0C103C9640}.Release|Any CPU.ActiveCfg = Release|Any CPU
		{C5C7BF1E-3CD6-4E5B-8EBB-CE0C103C9640}.Release|Any CPU.Build.0 = Release|Any CPU
		{A91316D8-4D48-4959-932F-5A0C3E1F7779}.Debug|Any CPU.ActiveCfg = Debug|Any CPU
		{A91316D8-4D48-4959-932F-5A0C3E1F7779}.Debug|Any CPU.Build.0 = Debug|Any CPU
		{A91316D8-4D48-4959-932F-5A0C3E1F7779}.Release|Any CPU.ActiveCfg = Release|Any CPU
		{A91316D8-4D48-4959-932F-5A0C3E1F7779}.Release|Any CPU.Build.0 = Release|Any CPU
		{A6DFDFD0-6E4F-41A8-A7AB-F4E43A4353B4}.Debug|Any CPU.ActiveCfg = Debug|Any CPU
		{A6DFDFD0-6E4F-41A8-A7AB-F4E43A4353B4}.Debug|Any CPU.Build.0 = Debug|Any CPU
		{A6DFDFD0-6E4F-41A8-A7AB-F4E43A4353B4}.Release|Any CPU.ActiveCfg = Release|Any CPU
		{A6DFDFD0-6E4F-41A8-A7AB-F4E43A4353B4}.Release|Any CPU.Build.0 = Release|Any CPU
		{10A26931-A5C8-4256-B8AC-0984CAAAB93D}.Debug|Any CPU.ActiveCfg = Debug|Any CPU
		{10A26931-A5C8-4256-B8AC-0984CAAAB93D}.Debug|Any CPU.Build.0 = Debug|Any CPU
		{10A26931-A5C8-4256-B8AC-0984CAAAB93D}.Release|Any CPU.ActiveCfg = Release|Any CPU
		{10A26931-A5C8-4256-B8AC-0984CAAAB93D}.Release|Any CPU.Build.0 = Release|Any CPU
		{3406110E-65B2-4786-B723-C05B0FF66131}.Debug|Any CPU.ActiveCfg = Debug|Any CPU
		{3406110E-65B2-4786-B723-C05B0FF66131}.Debug|Any CPU.Build.0 = Debug|Any CPU
		{3406110E-65B2-4786-B723-C05B0FF66131}.Release|Any CPU.ActiveCfg = Release|Any CPU
		{3406110E-65B2-4786-B723-C05B0FF66131}.Release|Any CPU.Build.0 = Release|Any CPU
		{05AB368F-2B27-426A-B5E9-01F52E297269}.Debug|Any CPU.ActiveCfg = Debug|Any CPU
		{05AB368F-2B27-426A-B5E9-01F52E297269}.Debug|Any CPU.Build.0 = Debug|Any CPU
		{05AB368F-2B27-426A-B5E9-01F52E297269}.Release|Any CPU.ActiveCfg = Release|Any CPU
		{05AB368F-2B27-426A-B5E9-01F52E297269}.Release|Any CPU.Build.0 = Release|Any CPU
		{2C1B5C97-7E17-45D4-8337-B4CBD6125CD7}.Debug|Any CPU.ActiveCfg = Debug|Any CPU
		{2C1B5C97-7E17-45D4-8337-B4CBD6125CD7}.Debug|Any CPU.Build.0 = Debug|Any CPU
		{2C1B5C97-7E17-45D4-8337-B4CBD6125CD7}.Release|Any CPU.ActiveCfg = Release|Any CPU
		{2C1B5C97-7E17-45D4-8337-B4CBD6125CD7}.Release|Any CPU.Build.0 = Release|Any CPU
		{E6E90648-E24D-4681-B082-776DF3F4B8F6}.Debug|Any CPU.ActiveCfg = Debug|Any CPU
		{E6E90648-E24D-4681-B082-776DF3F4B8F6}.Debug|Any CPU.Build.0 = Debug|Any CPU
		{E6E90648-E24D-4681-B082-776DF3F4B8F6}.Release|Any CPU.ActiveCfg = Release|Any CPU
		{E6E90648-E24D-4681-B082-776DF3F4B8F6}.Release|Any CPU.Build.0 = Release|Any CPU
		{EB718364-434C-43F7-AE12-74F272B86C45}.Debug|Any CPU.ActiveCfg = Debug|Any CPU
		{EB718364-434C-43F7-AE12-74F272B86C45}.Debug|Any CPU.Build.0 = Debug|Any CPU
		{EB718364-434C-43F7-AE12-74F272B86C45}.Release|Any CPU.ActiveCfg = Release|Any CPU
		{EB718364-434C-43F7-AE12-74F272B86C45}.Release|Any CPU.Build.0 = Release|Any CPU
		{0F780F3E-8D05-428E-9C78-FEDDDA7DD3D1}.Debug|Any CPU.ActiveCfg = Debug|Any CPU
		{0F780F3E-8D05-428E-9C78-FEDDDA7DD3D1}.Debug|Any CPU.Build.0 = Debug|Any CPU
		{0F780F3E-8D05-428E-9C78-FEDDDA7DD3D1}.Release|Any CPU.ActiveCfg = Release|Any CPU
		{0F780F3E-8D05-428E-9C78-FEDDDA7DD3D1}.Release|Any CPU.Build.0 = Release|Any CPU
		{37D41633-1E59-43EE-AFF9-8DA9AB25BD1D}.Debug|Any CPU.ActiveCfg = Debug|Any CPU
		{37D41633-1E59-43EE-AFF9-8DA9AB25BD1D}.Debug|Any CPU.Build.0 = Debug|Any CPU
		{37D41633-1E59-43EE-AFF9-8DA9AB25BD1D}.Release|Any CPU.ActiveCfg = Release|Any CPU
		{37D41633-1E59-43EE-AFF9-8DA9AB25BD1D}.Release|Any CPU.Build.0 = Release|Any CPU
		{D51E7536-E698-42F4-939A-F259D543D1E1}.Debug|Any CPU.ActiveCfg = Debug|Any CPU
		{D51E7536-E698-42F4-939A-F259D543D1E1}.Debug|Any CPU.Build.0 = Debug|Any CPU
		{D51E7536-E698-42F4-939A-F259D543D1E1}.Release|Any CPU.ActiveCfg = Release|Any CPU
		{D51E7536-E698-42F4-939A-F259D543D1E1}.Release|Any CPU.Build.0 = Release|Any CPU
	EndGlobalSection
	GlobalSection(SolutionProperties) = preSolution
		HideSolutionNode = FALSE
	EndGlobalSection
	GlobalSection(NestedProjects) = preSolution
		{FDA1448B-B92F-4AD8-A741-ABAEDF935AF7} = {713ACDCF-301D-4C96-8B75-5BF2A35A326D}
		{C5C7BF1E-3CD6-4E5B-8EBB-CE0C103C9640} = {713ACDCF-301D-4C96-8B75-5BF2A35A326D}
		{A91316D8-4D48-4959-932F-5A0C3E1F7779} = {713ACDCF-301D-4C96-8B75-5BF2A35A326D}
		{A6DFDFD0-6E4F-41A8-A7AB-F4E43A4353B4} = {713ACDCF-301D-4C96-8B75-5BF2A35A326D}
		{10A26931-A5C8-4256-B8AC-0984CAAAB93D} = {1018BF4C-BD8F-49D7-9797-758E68B9FC9D}
		{3406110E-65B2-4786-B723-C05B0FF66131} = {1018BF4C-BD8F-49D7-9797-758E68B9FC9D}
		{05AB368F-2B27-426A-B5E9-01F52E297269} = {1018BF4C-BD8F-49D7-9797-758E68B9FC9D}
		{2C1B5C97-7E17-45D4-8337-B4CBD6125CD7} = {D7D3EC29-8CF4-4DA5-BF41-FE5A51593753}
		{E6E90648-E24D-4681-B082-776DF3F4B8F6} = {713ACDCF-301D-4C96-8B75-5BF2A35A326D}
		{EB718364-434C-43F7-AE12-74F272B86C45} = {1018BF4C-BD8F-49D7-9797-758E68B9FC9D}
		{0F780F3E-8D05-428E-9C78-FEDDDA7DD3D1} = {713ACDCF-301D-4C96-8B75-5BF2A35A326D}
		{37D41633-1E59-43EE-AFF9-8DA9AB25BD1D} = {713ACDCF-301D-4C96-8B75-5BF2A35A326D}
		{D51E7536-E698-42F4-939A-F259D543D1E1} = {713ACDCF-301D-4C96-8B75-5BF2A35A326D}
	EndGlobalSection
	GlobalSection(ExtensibilityGlobals) = postSolution
		SolutionGuid = {56D5F4DA-F710-4026-8F49-4A903BCAA9B5}
	EndGlobalSection
EndGlobal
