
Microsoft Visual Studio Solution File, Format Version 12.00
# Visual Studio Version 16
VisualStudioVersion = 16.0.29920.165
MinimumVisualStudioVersion = 10.0.40219.1
Project("{2150E333-8FDC-42A3-9474-1A3956D46DE8}") = "Solution Items", "Solution Items", "{A275E4CF-6AF3-439A-B72B-A2EDAE49A5C6}"
	ProjectSection(SolutionItems) = preProject
		global.json = global.json
	EndProjectSection
EndProject
Project("{2150E333-8FDC-42A3-9474-1A3956D46DE8}") = "tests", "tests", "{1018BF4C-BD8F-49D7-9797-758E68B9FC9D}"
EndProject
Project("{2150E333-8FDC-42A3-9474-1A3956D46DE8}") = "src", "src", "{713ACDCF-301D-4C96-8B75-5BF2A35A326D}"
EndProject
Project("{9A19103F-16F7-4668-BE54-9A1E7A4F7556}") = "Microsoft.DotNet.XHarness.CLI", "src\Microsoft.DotNet.XHarness.CLI\Microsoft.DotNet.XHarness.CLI.csproj", "{B2C1F617-DF54-495A-86EF-F5FCA92E1E86}"
EndProject
Global
	GlobalSection(SolutionConfigurationPlatforms) = preSolution
		Debug|Any CPU = Debug|Any CPU
		Release|Any CPU = Release|Any CPU
	EndGlobalSection
	GlobalSection(ProjectConfigurationPlatforms) = postSolution
		{6BD2B121-CAB1-42F2-83A6-82A0F51E6B37}.Debug|Any CPU.ActiveCfg = Debug|Any CPU
		{6BD2B121-CAB1-42F2-83A6-82A0F51E6B37}.Debug|Any CPU.Build.0 = Debug|Any CPU
		{6BD2B121-CAB1-42F2-83A6-82A0F51E6B37}.Release|Any CPU.ActiveCfg = Release|Any CPU
		{6BD2B121-CAB1-42F2-83A6-82A0F51E6B37}.Release|Any CPU.Build.0 = Release|Any CPU
		{B2C1F617-DF54-495A-86EF-F5FCA92E1E86}.Debug|Any CPU.ActiveCfg = Debug|Any CPU
		{B2C1F617-DF54-495A-86EF-F5FCA92E1E86}.Debug|Any CPU.Build.0 = Debug|Any CPU
		{B2C1F617-DF54-495A-86EF-F5FCA92E1E86}.Release|Any CPU.ActiveCfg = Release|Any CPU
		{B2C1F617-DF54-495A-86EF-F5FCA92E1E86}.Release|Any CPU.Build.0 = Release|Any CPU
	EndGlobalSection
	GlobalSection(SolutionProperties) = preSolution
		HideSolutionNode = FALSE
	EndGlobalSection
	GlobalSection(NestedProjects) = preSolution
		{6BD2B121-CAB1-42F2-83A6-82A0F51E6B37} = {1018BF4C-BD8F-49D7-9797-758E68B9FC9D}
		{B2C1F617-DF54-495A-86EF-F5FCA92E1E86} = {713ACDCF-301D-4C96-8B75-5BF2A35A326D}
	EndGlobalSection
	GlobalSection(ExtensibilityGlobals) = postSolution
		SolutionGuid = {56D5F4DA-F710-4026-8F49-4A903BCAA9B5}
	EndGlobalSection
EndGlobal
