Microsoft Visual Studio Solution File, Format Version 12.00
# Visual Studio Version 16
VisualStudioVersion = 16.0.29920.165
MinimumVisualStudioVersion = 10.0.40219.1
Project("{9A19103F-16F7-4668-BE54-9A1E7A4F7556}") = "Microsoft.DotNet.XHarness.CLI", "Microsoft.DotNet.XHarness.CLI\Microsoft.DotNet.XHarness.CLI.csproj", "{C02DBAE0-F55D-4110-A444-2510C5569624}"
EndProject
Global
	GlobalSection(SolutionConfigurationPlatforms) = preSolution
		Debug|Any CPU = Debug|Any CPU
		Release|Any CPU = Release|Any CPU
	EndGlobalSection
	GlobalSection(ProjectConfigurationPlatforms) = postSolution
		{C02DBAE0-F55D-4110-A444-2510C5569624}.Debug|Any CPU.ActiveCfg = Debug|Any CPU
		{C02DBAE0-F55D-4110-A444-2510C5569624}.Debug|Any CPU.Build.0 = Debug|Any CPU
		{C02DBAE0-F55D-4110-A444-2510C5569624}.Release|Any CPU.ActiveCfg = Release|Any CPU
		{C02DBAE0-F55D-4110-A444-2510C5569624}.Release|Any CPU.Build.0 = Release|Any CPU
	EndGlobalSection
	GlobalSection(SolutionProperties) = preSolution
		HideSolutionNode = FALSE
	EndGlobalSection
	GlobalSection(ExtensibilityGlobals) = postSolution
		SolutionGuid = {F89AD1BD-BD08-41EC-A45F-7C7C10D63055}
	EndGlobalSection
EndGlobal
