
Microsoft Visual Studio Solution File, Format Version 12.00
# Visual Studio 15
Project("{FAE04EC0-301F-11D3-BF4B-00C04F79EFBC}") = "XHarness", "XHarness.csproj", "{824A7320-E35F-40D9-8CC5-6FC16383DADF}"
EndProject
Global
	GlobalSection(SolutionConfigurationPlatforms) = preSolution
		Debug|Any CPU = Debug|Any CPU
		Release|Any CPU = Release|Any CPU
	EndGlobalSection
	GlobalSection(ProjectConfigurationPlatforms) = postSolution
		{824A7320-E35F-40D9-8CC5-6FC16383DADF}.Debug|Any CPU.ActiveCfg = Debug|Any CPU
		{824A7320-E35F-40D9-8CC5-6FC16383DADF}.Debug|Any CPU.Build.0 = Debug|Any CPU
		{824A7320-E35F-40D9-8CC5-6FC16383DADF}.Release|Any CPU.ActiveCfg = Release|Any CPU
		{824A7320-E35F-40D9-8CC5-6FC16383DADF}.Release|Any CPU.Build.0 = Release|Any CPU
	EndGlobalSection
EndGlobal
