
Microsoft Visual Studio Solution File, Format Version 12.00
# Visual Studio Version 16
VisualStudioVersion = 16.0.30014.17
MinimumVisualStudioVersion = 10.0.40219.1
Project("{FAE04EC0-301F-11D3-BF4B-00C04F79EFBC}") = "DummyTestProject", "DummyTestProject.csproj", "{59237CD3-E2D1-431C-86D8-066D6F27C820}"
EndProject
Global
	GlobalSection(SolutionConfigurationPlatforms) = preSolution
		Debug|Any CPU = Debug|Any CPU
		Release|Any CPU = Release|Any CPU
	EndGlobalSection
	GlobalSection(ProjectConfigurationPlatforms) = postSolution
		{59237CD3-E2D1-431C-86D8-066D6F27C820}.Debug|Any CPU.ActiveCfg = Debug|Any CPU
		{59237CD3-E2D1-431C-86D8-066D6F27C820}.Debug|Any CPU.Build.0 = Debug|Any CPU
		{59237CD3-E2D1-431C-86D8-066D6F27C820}.Release|Any CPU.ActiveCfg = Release|Any CPU
		{59237CD3-E2D1-431C-86D8-066D6F27C820}.Release|Any CPU.Build.0 = Release|Any CPU
	EndGlobalSection
	GlobalSection(SolutionProperties) = preSolution
		HideSolutionNode = FALSE
	EndGlobalSection
	GlobalSection(ExtensibilityGlobals) = postSolution
		SolutionGuid = {038B4E14-241B-4FF0-9B64-017E6D2720A3}
	EndGlobalSection
EndGlobal
