
Microsoft Visual Studio Solution File, Format Version 12.00
# Visual Studio Version 16
VisualStudioVersion = 16.0.30029.13
MinimumVisualStudioVersion = 10.0.40219.1
Project("{9A19103F-16F7-4668-BE54-9A1E7A4F7556}") = "Microsoft.DotNet.XHarness.SimulatorInstaller", "Microsoft.DotNet.XHarness.SimulatorInstaller.csproj", "{63E5B276-45F6-4041-8156-44C70C7B7126}"
EndProject
Project("{9A19103F-16F7-4668-BE54-9A1E7A4F7556}") = "Microsoft.DotNet.XHarness.iOS.Shared", "..\..\src\Microsoft.DotNet.XHarness.iOS.Shared\Microsoft.DotNet.XHarness.iOS.Shared.csproj", "{D06C1D39-7FA5-4E48-BEC8-AEBD51AB87E7}"
EndProject
Global
	GlobalSection(SolutionConfigurationPlatforms) = preSolution
		Debug|Any CPU = Debug|Any CPU
		Release|Any CPU = Release|Any CPU
	EndGlobalSection
	GlobalSection(ProjectConfigurationPlatforms) = postSolution
		{63E5B276-45F6-4041-8156-44C70C7B7126}.Debug|Any CPU.ActiveCfg = Debug|Any CPU
		{63E5B276-45F6-4041-8156-44C70C7B7126}.Debug|Any CPU.Build.0 = Debug|Any CPU
		{63E5B276-45F6-4041-8156-44C70C7B7126}.Release|Any CPU.ActiveCfg = Release|Any CPU
		{63E5B276-45F6-4041-8156-44C70C7B7126}.Release|Any CPU.Build.0 = Release|Any CPU
		{D06C1D39-7FA5-4E48-BEC8-AEBD51AB87E7}.Debug|Any CPU.ActiveCfg = Debug|Any CPU
		{D06C1D39-7FA5-4E48-BEC8-AEBD51AB87E7}.Debug|Any CPU.Build.0 = Debug|Any CPU
		{D06C1D39-7FA5-4E48-BEC8-AEBD51AB87E7}.Release|Any CPU.ActiveCfg = Release|Any CPU
		{D06C1D39-7FA5-4E48-BEC8-AEBD51AB87E7}.Release|Any CPU.Build.0 = Release|Any CPU
	EndGlobalSection
	GlobalSection(SolutionProperties) = preSolution
		HideSolutionNode = FALSE
	EndGlobalSection
	GlobalSection(ExtensibilityGlobals) = postSolution
		SolutionGuid = {F7B3A30C-1F10-4A2E-8BAC-180916A5530A}
	EndGlobalSection
EndGlobal
